# Assets de test tiers, jamais versionnés (ADR-0018) : tools/fetch-assets.sh les télécharge depuis
# KhronosGroup/glTF-Sample-Assets, au commit ci-dessous, ou depuis l'adresse en troisième colonne, et
# vérifie chaque fichier par son SHA-256.
# CesiumMilkTruck : CC-BY 4.0 (Cesium).
commit c6a6bd13ab2b3c685c7903d03561b8a9392f38b8
28cb3b0da68a88aa8c5852e616a3feb4983f0a7e96c3f291a585d0698e34f2d4 Models/CesiumMilkTruck/glTF/CesiumMilkTruck.gltf
5041b9dcdc5c1587648d829fee1f2e4df373befb29aaf15742d39f83d64e7e2e Models/CesiumMilkTruck/glTF/CesiumMilkTruck.jpg
6783d6e3151b9ca72c64cf694cdb6964de3a2cffcf62015c1d91e358df434046 Models/CesiumMilkTruck/glTF/CesiumMilkTruck_data.bin
# Fox : le modèle en CC0 (PixelMannen) ; le squelette et les clips (tomkranis) et la conversion en glTF
# (@AsoboStudio et @scurest) en CC-BY 4.0. Personnage de test de l'animation squelettique (M4.5, ADR-0022) : trois clips,
# Survey, Walk et Run.
6ddcabf511c0257b87dedf6ac51f1bdb6f21e570eee5fa7c4fa6162d055cb002 Models/Fox/glTF/Fox.gltf
c7d0d8de28a84d5b25623037f88e063e1502495a2ee6c55f182c61161ad12f80 Models/Fox/glTF/Fox.bin
61c8b109ee7f8bf262791933380fafb1465f7b51cbe6472c2d21eff0b31f83a1 Models/Fox/glTF/Texture.png
# Sponza : licence « CRYENGINE Limited License Agreement », non permissive. Scène de test seulement,
# jamais redistribuée ni utilisée par Rando (décision de Donnovan, 24/09/2026).
c119be5aae2419a8120fd17691033ca28e0b5546cef7e31d40f6dec1543affee Models/Sponza/glTF/10381718147657362067.jpg
c915c9cc8be8f198ab1cc3bc68c2f6c694b88432f381a8f27935d480141ae8f5 Models/Sponza/glTF/10388182081421875623.jpg
23c32277c33d8eac091cd73daf81561ebe3640eede49b037546ed5c244a01347 Models/Sponza/glTF/11474523244911310074.jpg
98e4c4a091fea684cd693f3ae7ebe83e491969b501b4cd6e1fdd6a3cc1fa5cab Models/Sponza/glTF/11490520546946913238.jpg
da2a0b308b4d6d57ffbcf4bb7509d4afe91156d5d86d0396e83d7cac883a4857 Models/Sponza/glTF/11872827283454512094.jpg
bee42826d56d3ff719c4908c11ef65584fbe19e08273862fde7ec1408e44ba25 Models/Sponza/glTF/11968150294050148237.jpg
9cbd61fcb8047f1c21450eff05207b29d71824edd75483267b5fbc2f7b21378c Models/Sponza/glTF/1219024358953944284.jpg
fe640b8875c8ff04f4ec427274d2e799b703cff384b9c2dafef63b61d05f34fa Models/Sponza/glTF/12501374198249454378.jpg
8c26ae9523cfae7a062fd074f74e0ddbb61630772f9a2130489e1d6e4724c38b Models/Sponza/glTF/13196865903111448057.jpg
9158388312a76ba25a40d3b57978e1ace224882e53198a766494d98f9118aeba Models/Sponza/glTF/13824894030729245199.jpg
b91209e6ede0b905565bd719d6e27533abc7a5930d031a454f9aae65771fc4b0 Models/Sponza/glTF/13982482287905699490.jpg
994ba4e063564d75350ceec1381347a620baef75f9ca689e28718a88c3e3bd88 Models/Sponza/glTF/14118779221266351425.jpg
55cbda42c13377a71cb8ee78406309e888f56bc85af9473ca84a6097f2252166 Models/Sponza/glTF/14170708867020035030.jpg
d14f693c5cf7d1e506865488fdb68daadd42bbdcb0c534e2f96ccfd747e46a60 Models/Sponza/glTF/14267839433702832875.jpg
e8b68080eb4c5709536dfb7858d595d51d4bb725003e11b0f383acf76a7e05a3 Models/Sponza/glTF/14650633544276105767.jpg
5bbd0cbf2da7416d5620514ebb0c4837b0ccc841b649cf4070281aa333ff8520 Models/Sponza/glTF/15295713303328085182.jpg
8511ada3c77ed171a21d58362d996b20cfa6c632fe4c95c3a8614e410e623a31 Models/Sponza/glTF/15722799267630235092.jpg
d6df943a0dcf535d9dfb009c2833e0c7dc21939cfe3a2c10316c552b3dc3441b Models/Sponza/glTF/16275776544635328252.png
21d5f7ab6a7d05200b76165771fb3c5f14d006236a9dd27fff9eb92b69de4fa6 Models/Sponza/glTF/16299174074766089871.jpg
5562f0e76ca213d72295e48b8a14a59ee1971f58a47f95e5c022a4e78371c5aa Models/Sponza/glTF/16885566240357350108.jpg
cb09708202859d08764601acc9c9ea3b5254b2c4fd39dcc6b6055768c77aee9b Models/Sponza/glTF/17556969131407844942.jpg
005b774a968c1f6af00e4bf97afd668a6a045126a94f524df722ba19edc77d61 Models/Sponza/glTF/17876391417123941155.jpg
0f25b73991003300bd5e2c8fcbc46ec4e2788a8deb42321f575d5187aee21b85 Models/Sponza/glTF/2051777328469649772.jpg
88861c8c7f10517c1d7942f316aae3b74dc5b8ae2faa2021d9dfe9d2c09fb24f Models/Sponza/glTF/2185409758123873465.jpg
da92fd0303571290c36b0f655f357fda77015b788613c65b18346480e1bd8324 Models/Sponza/glTF/2299742237651021498.jpg
782c48410db52360083719a48f8d15d29aa5cd4beeb817f1fd195083b2feb60a Models/Sponza/glTF/2374361008830720677.jpg
12e1f2ea3c2714a6ec455fa8e623a702e33ef95765ebd09f7874a68fa55fd104 Models/Sponza/glTF/2411100444841994089.jpg
751606c94a5fe5bda3bf6709e7f6a74363bd7902bf2353d54e55ef3b50007487 Models/Sponza/glTF/2775690330959970771.jpg
dfa17f2dee2cd2d850585673d19d5cda477a63e21659b346d8730e80edd3b347 Models/Sponza/glTF/2969916736137545357.jpg
782c48410db52360083719a48f8d15d29aa5cd4beeb817f1fd195083b2feb60a Models/Sponza/glTF/332936164838540657.jpg
d939d2e8bf11c2cf375154129f861b982c786b83db79cb9fde1a2b94b46caf62 Models/Sponza/glTF/3371964815757888145.jpg
967005ccfbf4d38f674df41aebb3e58ac1fdcd91f554ead7acfcc132372f8ec6 Models/Sponza/glTF/3455394979645218238.jpg
5a05dc004bbff7e6f89cffab57ae4f4fe2cf04dfbd22b52ec85cf17bf92c8855 Models/Sponza/glTF/3628158980083700836.jpg
1c2fc5ddaefc59763823f58d0450c00d114d89ab3d0ac395fd1316b664a8a56d Models/Sponza/glTF/3827035219084910048.jpg
f0592537da8edc8476d9903f4ab1839d1a7ab0efa2507d303e8720b57bedf848 Models/Sponza/glTF/4477655471536070370.jpg
70eaa9efca842696271d2e4e04b1c77c087f8b5350d8d90940b800cc654b269a Models/Sponza/glTF/4601176305987539675.jpg
21bb124f5b5d4d5e9c8d9773cd31dedfc41b30eb302af36e7257cf930152908e Models/Sponza/glTF/466164707995436622.jpg
9d5fd79619a52db0232edb2287f5f05c0124c304355e3b035a4e48c0871090bf Models/Sponza/glTF/4675343432951571524.jpg
259b6659cb2681e06ef04becd49298d379f2f25b2cc468acf0c2ade4d190637c Models/Sponza/glTF/4871783166746854860.jpg
70eaa9efca842696271d2e4e04b1c77c087f8b5350d8d90940b800cc654b269a Models/Sponza/glTF/4910669866631290573.jpg
fbdb7bcced57a005b84b4c3bbf744bae6309804cca51dabd9237e03a72fbc505 Models/Sponza/glTF/4975155472559461469.jpg
6fbdbf67d3501831ad3a4e2adbf3d27e4c3d13ba1d655e5861c3f39b5f899f65 Models/Sponza/glTF/5061699253647017043.png
9330cf1d51c8f6924b6c9ce09f2dedb21a82e1c7406c37d49ce95beca40bb3be Models/Sponza/glTF/5792855332885324923.jpg
34b464edddbd2295b0ee23fa7a7a440a19456888c586acdc47032f841b302abd Models/Sponza/glTF/5823059166183034438.jpg
c39c9f304c2605be791b4c0a58cd0f8eb20de2dd6a4a4af893c4eb112d158353 Models/Sponza/glTF/6047387724914829168.jpg
170f6c637ebd71a101244eb4d80c3dcf7063caf89e42053d3114d8aeca755cdf Models/Sponza/glTF/6151467286084645207.jpg
70eaa9efca842696271d2e4e04b1c77c087f8b5350d8d90940b800cc654b269a Models/Sponza/glTF/6593109234861095314.jpg
34f6408c6b8e8dc3c89d528e014ee3b254c7208c41339cfd15c4ae5151ad7cbe Models/Sponza/glTF/6667038893015345571.jpg
1ea4f9bc86354d363ea8153df9b7593c3bd3da153c53b9624c1fd8a960cb3ebc Models/Sponza/glTF/6772804448157695701.jpg
782c48410db52360083719a48f8d15d29aa5cd4beeb817f1fd195083b2feb60a Models/Sponza/glTF/7056944414013900257.jpg
d81efcb42b3a044595ca984cb46d941b159064bddae9a43ed8d9582db68d6b47 Models/Sponza/glTF/715093869573992647.jpg
430758549ba2189d94f06abeaae092bfc0a1d8c22afc56f5caf3f99c5ee7407c Models/Sponza/glTF/7268504077753552595.jpg
9edc7c1c73661658cd8ed7733728002d45fecd17cb37a962fb654ff1d8c1933d Models/Sponza/glTF/7441062115984513793.jpg
9f849f0510ca0df66ba1cba2380a6a1b481444d9e64b68da6b2ce202b54d9cec Models/Sponza/glTF/755318871556304029.jpg
c76e66915ce3abaf2ce365b314cf1e1a95f77bd4791adebdad01ab5c93658d0a Models/Sponza/glTF/759203620573749278.jpg
da33886bb34e236f0ed9616ff40e87d87c4ab5ed458858e0d96839fa717978af Models/Sponza/glTF/7645212358685992005.jpg
8ad0e8a9ca6de602225a527361bc718881de8741bc48927e27259a8803e7fed7 Models/Sponza/glTF/7815564343179553343.jpg
75328d1aac87f8539be2456e6a5392cef7c6d08476d75585eafcd334dbeee0c5 Models/Sponza/glTF/8006627369776289000.png
4f06c93f8e9f90be44a2e78847e57acec82bd793f58f7be7f86b088150730b88 Models/Sponza/glTF/8051790464816141987.jpg
06c6480e207ce64f9e7c08df3f7f21638da7da43f77682657f4c823acd8c81a5 Models/Sponza/glTF/8114461559286000061.jpg
1da7664b7b88ae58386a6e6b5eca2829537818061d704f002356d8fc483c1a28 Models/Sponza/glTF/8481240838833932244.jpg
c288a37ed8373d1132644873624b096a72ba81d03cda601e050a5de24ba13c39 Models/Sponza/glTF/8503262930880235456.jpg
8e90e94cadf80528a3df3496035d3c77900eba24d88b1c1d31c9dce77990fc44 Models/Sponza/glTF/8747919177698443163.jpg
73a94a12fb0a9ab4c75e40996c9a2d49ac45ac18a8c8ae81d5ceb1c8ae52d6dc Models/Sponza/glTF/8750083169368950601.jpg
dc5bf5f3091b548f1dfe40410b1aa1e2e55d82e2d77ba57dbd1f92955a0d8ff8 Models/Sponza/glTF/8773302468495022225.jpg
93d495e33d754c5723c910e322ac94108fc753b65af082a19be5252905aa741b Models/Sponza/glTF/8783994986360286082.jpg
7f55814430f289e89c7d675c3db925eee904fbc566ff83f4b49904de53138e98 Models/Sponza/glTF/9288698199695299068.jpg
81b21b9352f1fb9ccfeaf237f8547b985ddbf0cfd7ade7a4a8670b73a72b2cb5 Models/Sponza/glTF/9916269861720640319.jpg
fdbdbfb6a76edeb6626f28a1401bc1536bb1c864131a64e90fbc3df2d2d191bd Models/Sponza/glTF/Sponza.bin
646c10cbc8fab990ca29f363e90e2d65155f3a3569506852eb1434a9465b9501 Models/Sponza/glTF/Sponza.gltf
e2ab2939dda535ad28779e41c20c98368f630f29c5824a0a5a430f47b3b6da12 Models/Sponza/glTF/white.png
# Le ciel de Rando et de l'IBL (M5.4) : une HDRI de Poly Haven, en CC0, choisie par Donnovan le 03/10/2026.
5244534e9cf5b606f2ff513aa00ddb161b0a4826ffd88a0d3bd03ac29247d198 HDRIs/kloofendal_48d_partly_cloudy_puresky_2k.hdr https://dl.polyhaven.org/file/ph-assets/HDRIs/hdr/2k/kloofendal_48d_partly_cloudy_puresky_2k.hdr
